
Microsoft Visual Studio Solution File, Format Version 12.00
# Visual Studio 15
VisualStudioVersion = 15.0.26430.12
MinimumVisualStudioVersion = 10.0.40219.1
Project("{FAE04EC0-301F-11D3-BF4B-00C04F79EFBC}") = "Demo.UWP", "Demo.UWP\Demo.UWP.csproj", "{129F74E2-CFEA-4A40-832B-E56D9EC624BA}"
EndProject
Global
	GlobalSection(SolutionConfigurationPlatforms) = preSolution
		Debug|ARM = Debug|ARM
		Debug|x64 = Debug|x64
		Debug|x86 = Debug|x86
		Release|ARM = Release|ARM
		Release|x64 = Release|x64
		Release|x86 = Release|x86
	EndGlobalSection
	GlobalSection(ProjectConfigurationPlatforms) = postSolution
		{129F74E2-CFEA-4A40-832B-E56D9EC624BA}.Debug|ARM.ActiveCfg = Debug|ARM
		{129F74E2-CFEA-4A40-832B-E56D9EC624BA}.Debug|ARM.Build.0 = Debug|ARM
		{129F74E2-CFEA-4A40-832B-E56D9EC624BA}.Debug|ARM.Deploy.0 = Debug|ARM
		{129F74E2-CFEA-4A40-832B-E56D9EC624BA}.Debug|x64.ActiveCfg = Debug|x64
		{129F74E2-CFEA-4A40-832B-E56D9EC624BA}.Debug|x64.Build.0 = Debug|x64
		{129F74E2-CFEA-4A40-832B-E56D9EC624BA}.Debug|x64.Deploy.0 = Debug|x64
		{129F74E2-CFEA-4A40-832B-E56D9EC624BA}.Debug|x86.ActiveCfg = Debug|x86
		{129F74E2-CFEA-4A40-832B-E56D9EC624BA}.Debug|x86.Build.0 = Debug|x86
		{129F74E2-CFEA-4A40-832B-E56D9EC624BA}.Debug|x86.Deploy.0 = Debug|x86
		{129F74E2-CFEA-4A40-832B-E56D9EC624BA}.Release|ARM.ActiveCfg = Release|ARM
		{129F74E2-CFEA-4A40-832B-E56D9EC624BA}.Release|ARM.Build.0 = Release|ARM
		{129F74E2-CFEA-4A40-832B-E56D9EC624BA}.Release|ARM.Deploy.0 = Release|ARM
		{129F74E2-CFEA-4A40-832B-E56D9EC624BA}.Release|x64.ActiveCfg = Release|x64
		{129F74E2-CFEA-4A40-832B-E56D9EC624BA}.Release|x64.Build.0 = Release|x64
		{129F74E2-CFEA-4A40-832B-E56D9EC624BA}.Release|x64.Deploy.0 = Release|x64
		{129F74E2-CFEA-4A40-832B-E56D9EC624BA}.Release|x86.ActiveCfg = Release|x86
		{129F74E2-CFEA-4A40-832B-E56D9EC624BA}.Release|x86.Build.0 = Release|x86
		{129F74E2-CFEA-4A40-832B-E56D9EC624BA}.Release|x86.Deploy.0 = Release|x86
	EndGlobalSection
	GlobalSection(SolutionProperties) = preSolution
		HideSolutionNode = FALSE
	EndGlobalSection
EndGlobal
